{
  "requires": true,
  "lockfileVersion": 1,
  "dependencies": {
    "eventsemitter": {
      "version": "1.0.0",
      "resolved": "https://registry.npmjs.org/eventsemitter/-/eventsemitter-1.0.0.tgz",
      "integrity": "sha512-BQJFFtgISU8nzmspO4qFfGS58wehW902/uVVgpcjdprKB4g/Ccn1TaXOoXEMwbd7H/qWb0JKmX7tp42I1FJIhw=="
    }
  }
}
